// !$*UTF8*$!
{
	archiveVersion = 1;
	classes = {
	};
	objectVersion = 55;
	objects = {

/* Begin PBXBuildFile section */
		521E7CF027C1014500F748C8 /* AppDelegate.swift in Sources */ = {isa = PBXBuildFile; fileRef = 521E7CEF27C1014500F748C8 /* AppDelegate.swift */; };
		521E7CF227C1014500F748C8 /* SceneDelegate.swift in Sources */ = {isa = PBXBuildFile; fileRef = 521E7CF127C1014500F748C8 /* SceneDelegate.swift */; };
		521E7CF427C1014500F748C8 /* ViewController.swift in Sources */ = {isa = PBXBuildFile; fileRef = 521E7CF327C1014500F748C8 /* ViewController.swift */; };
		521E7CF727C1014500F748C8 /* Main.storyboard in Resources */ = {isa = PBXBuildFile; fileRef = 521E7CF527C1014500F748C8 /* Main.storyboard */; };
		521E7CF927C1014800F748C8 /* Assets.xcassets in Resources */ = {isa = PBXBuildFile; fileRef = 521E7CF827C1014800F748C8 /* Assets.xcassets */; };
		521E7CFC27C1014800F748C8 /* LaunchScreen.storyboard in Resources */ = {isa = PBXBuildFile; fileRef = 521E7CFA27C1014800F748C8 /* LaunchScreen.storyboard */; };
		5227495F27D084CA001BA6CD /* LoginViewModel.swift in Sources */ = {isa = PBXBuildFile; fileRef = 5227495E27D084CA001BA6CD /* LoginViewModel.swift */; };
		5227496127D0DD5D001BA6CD /* RegistrationViewModel.swift in Sources */ = {isa = PBXBuildFile; fileRef = 5227496027D0DD5D001BA6CD /* RegistrationViewModel.swift */; };
		52C6F66927C5F4A200581DC2 /* InputContainerView.swift in Sources */ = {isa = PBXBuildFile; fileRef = 52C6F66827C5F4A200581DC2 /* InputContainerView.swift */; };
		52C6F66B27C6018500581DC2 /* CustomTextField.swift in Sources */ = {isa = PBXBuildFile; fileRef = 52C6F66A27C6018500581DC2 /* CustomTextField.swift */; };
		52CC4D4327C10456008700BB /* ConversationsController.swift in Sources */ = {isa = PBXBuildFile; fileRef = 52CC4D4227C10456008700BB /* ConversationsController.swift */; };
		52CC4D4627C25308008700BB /* LoginController.swift in Sources */ = {isa = PBXBuildFile; fileRef = 52CC4D4527C25308008700BB /* LoginController.swift */; };
		52CC4D4827C25324008700BB /* RegistrationController.swift in Sources */ = {isa = PBXBuildFile; fileRef = 52CC4D4727C25324008700BB /* RegistrationController.swift */; };
		52CC4D4A27C25B8C008700BB /* Extensions.swift in Sources */ = {isa = PBXBuildFile; fileRef = 52CC4D4927C25B8C008700BB /* Extensions.swift */; };
/* End PBXBuildFile section */

/* Begin PBXFileReference section */
		521E7CEC27C1014500F748C8 /* ChatApp.app */ = {isa = PBXFileReference; explicitFileType = wrapper.application; includeInIndex = 0; path = ChatApp.app; sourceTree = BUILT_PRODUCTS_DIR; };
		521E7CEF27C1014500F748C8 /* AppDelegate.swift */ = {isa = PBXFileReference; lastKnownFileType = sourcecode.swift; path = AppDelegate.swift; sourceTree = "<group>"; };
		521E7CF127C1014500F748C8 /* SceneDelegate.swift */ = {isa = PBXFileReference; lastKnownFileType = sourcecode.swift; path = SceneDelegate.swift; sourceTree = "<group>"; };
		521E7CF327C1014500F748C8 /* ViewController.swift */ = {isa = PBXFileReference; lastKnownFileType = sourcecode.swift; path = ViewController.swift; sourceTree = "<group>"; };
		521E7CF627C1014500F748C8 /* Base */ = {isa = PBXFileReference; lastKnownFileType = file.storyboard; name = Base; path = Base.lproj/Main.storyboard; sourceTree = "<group>"; };
		521E7CF827C1014800F748C8 /* Assets.xcassets */ = {isa = PBXFileReference; lastKnownFileType = folder.assetcatalog; path = Assets.xcassets; sourceTree = "<group>"; };
		521E7CFB27C1014800F748C8 /* Base */ = {isa = PBXFileReference; lastKnownFileType = file.storyboard; name = Base; path = Base.lproj/LaunchScreen.storyboard; sourceTree = "<group>"; };
		521E7CFD27C1014800F748C8 /* Info.plist */ = {isa = PBXFileReference; lastKnownFileType = text.plist.xml; path = Info.plist; sourceTree = "<group>"; };
		5227495E27D084CA001BA6CD /* LoginViewModel.swift */ = {isa = PBXFileReference; lastKnownFileType = sourcecode.swift; path = LoginViewModel.swift; sourceTree = "<group>"; };
		5227496027D0DD5D001BA6CD /* RegistrationViewModel.swift */ = {isa = PBXFileReference; lastKnownFileType = sourcecode.swift; path = RegistrationViewModel.swift; sourceTree = "<group>"; };
		52C6F66827C5F4A200581DC2 /* InputContainerView.swift */ = {isa = PBXFileReference; lastKnownFileType = sourcecode.swift; path = InputContainerView.swift; sourceTree = "<group>"; };
		52C6F66A27C6018500581DC2 /* CustomTextField.swift */ = {isa = PBXFileReference; lastKnownFileType = sourcecode.swift; path = CustomTextField.swift; sourceTree = "<group>"; };
		52CC4D4227C10456008700BB /* ConversationsController.swift */ = {isa = PBXFileReference; lastKnownFileType = sourcecode.swift; path = ConversationsController.swift; sourceTree = "<group>"; };
		52CC4D4527C25308008700BB /* LoginController.swift */ = {isa = PBXFileReference; lastKnownFileType = sourcecode.swift; path = LoginController.swift; sourceTree = "<group>"; };
		52CC4D4727C25324008700BB /* RegistrationController.swift */ = {isa = PBXFileReference; lastKnownFileType = sourcecode.swift; path = RegistrationController.swift; sourceTree = "<group>"; };
		52CC4D4927C25B8C008700BB /* Extensions.swift */ = {isa = PBXFileReference; lastKnownFileType = sourcecode.swift; path = Extensions.swift; sourceTree = "<group>"; };
/* End PBXFileReference section */

/* Begin PBXFrameworksBuildPhase section */
		521E7CE927C1014500F748C8 /* Frameworks */ = {
			isa = PBXFrameworksBuildPhase;
			buildActionMask = 2147483647;
			files = (
			);
			runOnlyForDeploymentPostprocessing = 0;
		};
/* End PBXFrameworksBuildPhase section */

/* Begin PBXGroup section */
		521E7CE327C1014500F748C8 = {
			isa = PBXGroup;
			children = (
				521E7CEE27C1014500F748C8 /* ChatApp */,
				521E7CED27C1014500F748C8 /* Products */,
			);
			sourceTree = "<group>";
		};
		521E7CED27C1014500F748C8 /* Products */ = {
			isa = PBXGroup;
			children = (
				521E7CEC27C1014500F748C8 /* ChatApp.app */,
			);
			name = Products;
			sourceTree = "<group>";
		};
		521E7CEE27C1014500F748C8 /* ChatApp */ = {
			isa = PBXGroup;
			children = (
				52CC4D4127C102D1008700BB /* Model */,
				52CC4D4027C102CD008700BB /* View */,
				52CC4D3F27C102CA008700BB /* ViewModel */,
				52CC4D3E27C102C6008700BB /* Controller */,
				52CC4D3D27C102C2008700BB /* Api */,
				52CC4D3C27C102BA008700BB /* Utils */,
				521E7CEF27C1014500F748C8 /* AppDelegate.swift */,
				521E7CF127C1014500F748C8 /* SceneDelegate.swift */,
				521E7CF327C1014500F748C8 /* ViewController.swift */,
				521E7CF527C1014500F748C8 /* Main.storyboard */,
				521E7CF827C1014800F748C8 /* Assets.xcassets */,
				521E7CFA27C1014800F748C8 /* LaunchScreen.storyboard */,
				521E7CFD27C1014800F748C8 /* Info.plist */,
			);
			path = ChatApp;
			sourceTree = "<group>";
		};
		5227496227D0DD80001BA6CD /* Authentication */ = {
			isa = PBXGroup;
			children = (
				5227495E27D084CA001BA6CD /* LoginViewModel.swift */,
				5227496027D0DD5D001BA6CD /* RegistrationViewModel.swift */,
			);
			path = Authentication;
			sourceTree = "<group>";
		};
		52CC4D3C27C102BA008700BB /* Utils */ = {
			isa = PBXGroup;
			children = (
				52CC4D4927C25B8C008700BB /* Extensions.swift */,
			);
			path = Utils;
			sourceTree = "<group>";
		};
		52CC4D3D27C102C2008700BB /* Api */ = {
			isa = PBXGroup;
			children = (
			);
			path = Api;
			sourceTree = "<group>";
		};
		52CC4D3E27C102C6008700BB /* Controller */ = {
			isa = PBXGroup;
			children = (
				52CC4D4427C25290008700BB /* Authentication */,
				52CC4D4227C10456008700BB /* ConversationsController.swift */,
			);
			path = Controller;
			sourceTree = "<group>";
		};
		52CC4D3F27C102CA008700BB /* ViewModel */ = {
			isa = PBXGroup;
			children = (
				5227496227D0DD80001BA6CD /* Authentication */,
			);
			path = ViewModel;
			sourceTree = "<group>";
		};
		52CC4D4027C102CD008700BB /* View */ = {
			isa = PBXGroup;
			children = (
				52C6F66827C5F4A200581DC2 /* InputContainerView.swift */,
				52C6F66A27C6018500581DC2 /* CustomTextField.swift */,
			);
			path = View;
			sourceTree = "<group>";
		};
		52CC4D4127C102D1008700BB /* Model */ = {
			isa = PBXGroup;
			children = (
			);
			path = Model;
			sourceTree = "<group>";
		};
		52CC4D4427C25290008700BB /* Authentication */ = {
			isa = PBXGroup;
			children = (
				52CC4D4527C25308008700BB /* LoginController.swift */,
				52CC4D4727C25324008700BB /* RegistrationController.swift */,
			);
			path = Authentication;
			sourceTree = "<group>";
		};
/* End PBXGroup section */

/* Begin PBXNativeTarget section */
		521E7CEB27C1014500F748C8 /* ChatApp */ = {
			isa = PBXNativeTarget;
			buildConfigurationList = 521E7D0027C1014800F748C8 /* Build configuration list for PBXNativeTarget "ChatApp" */;
			buildPhases = (
				521E7CE827C1014500F748C8 /* Sources */,
				521E7CE927C1014500F748C8 /* Frameworks */,
				521E7CEA27C1014500F748C8 /* Resources */,
			);
			buildRules = (
			);
			dependencies = (
			);
			name = ChatApp;
			productName = ChatApp;
			productReference = 521E7CEC27C1014500F748C8 /* ChatApp.app */;
			productType = "com.apple.product-type.application";
		};
/* End PBXNativeTarget section */

/* Begin PBXProject section */
		521E7CE427C1014500F748C8 /* Project object */ = {
			isa = PBXProject;
			attributes = {
				BuildIndependentTargetsInParallel = 1;
				LastSwiftUpdateCheck = 1300;
				LastUpgradeCheck = 1300;
				TargetAttributes = {
					521E7CEB27C1014500F748C8 = {
						CreatedOnToolsVersion = 13.0;
					};
				};
			};
			buildConfigurationList = 521E7CE727C1014500F748C8 /* Build configuration list for PBXProject "ChatApp" */;
			compatibilityVersion = "Xcode 13.0";
			developmentRegion = en;
			hasScannedForEncodings = 0;
			knownRegions = (
				en,
				Base,
			);
			mainGroup = 521E7CE327C1014500F748C8;
			productRefGroup = 521E7CED27C1014500F748C8 /* Products */;
			projectDirPath = "";
			projectRoot = "";
			targets = (
				521E7CEB27C1014500F748C8 /* ChatApp */,
			);
		};
/* End PBXProject section */

/* Begin PBXResourcesBuildPhase section */
		521E7CEA27C1014500F748C8 /* Resources */ = {
			isa = PBXResourcesBuildPhase;
			buildActionMask = 2147483647;
			files = (
				521E7CFC27C1014800F748C8 /* LaunchScreen.storyboard in Resources */,
				521E7CF927C1014800F748C8 /* Assets.xcassets in Resources */,
				521E7CF727C1014500F748C8 /* Main.storyboard in Resources */,
			);
			runOnlyForDeploymentPostprocessing = 0;
		};
/* End PBXResourcesBuildPhase section */

/* Begin PBXSourcesBuildPhase section */
		521E7CE827C1014500F748C8 /* Sources */ = {
			isa = PBXSourcesBuildPhase;
			buildActionMask = 2147483647;
			files = (
				521E7CF427C1014500F748C8 /* ViewController.swift in Sources */,
				5227496127D0DD5D001BA6CD /* RegistrationViewModel.swift in Sources */,
				52C6F66927C5F4A200581DC2 /* InputContainerView.swift in Sources */,
				521E7CF027C1014500F748C8 /* AppDelegate.swift in Sources */,
				52CC4D4327C10456008700BB /* ConversationsController.swift in Sources */,
				52CC4D4827C25324008700BB /* RegistrationController.swift in Sources */,
				52CC4D4627C25308008700BB /* LoginController.swift in Sources */,
				521E7CF227C1014500F748C8 /* SceneDelegate.swift in Sources */,
				52C6F66B27C6018500581DC2 /* CustomTextField.swift in Sources */,
				5227495F27D084CA001BA6CD /* LoginViewModel.swift in Sources */,
				52CC4D4A27C25B8C008700BB /* Extensions.swift in Sources */,
			);
			runOnlyForDeploymentPostprocessing = 0;
		};
/* End PBXSourcesBuildPhase section */

/* Begin PBXVariantGroup section */
		521E7CF527C1014500F748C8 /* Main.storyboard */ = {
			isa = PBXVariantGroup;
			children = (
				521E7CF627C1014500F748C8 /* Base */,
			);
			name = Main.storyboard;
			sourceTree = "<group>";
		};
		521E7CFA27C1014800F748C8 /* LaunchScreen.storyboard */ = {
			isa = PBXVariantGroup;
			children = (
				521E7CFB27C1014800F748C8 /* Base */,
			);
			name = LaunchScreen.storyboard;
			sourceTree = "<group>";
		};
/* End PBXVariantGroup section */

/* Begin XCBuildConfiguration section */
		521E7CFE27C1014800F748C8 /* Debug */ = {
			isa = XCBuildConfiguration;
			buildSettings = {
				ALWAYS_SEARCH_USER_PATHS = NO;
				CLANG_ANALYZER_NONNULL = YES;
				CLANG_ANALYZER_NUMBER_OBJECT_CONVERSION = YES_AGGRESSIVE;
				CLANG_CXX_LANGUAGE_STANDARD = "gnu++17";
				CLANG_CXX_LIBRARY = "libc++";
				CLANG_ENABLE_MODULES = YES;
				CLANG_ENABLE_OBJC_ARC = YES;
				CLANG_ENABLE_OBJC_WEAK = YES;
				CLANG_WARN_BLOCK_CAPTURE_AUTORELEASING = YES;
				CLANG_WARN_BOOL_CONVERSION = YES;
				CLANG_WARN_COMMA = YES;
				CLANG_WARN_CONSTANT_CONVERSION = YES;
				CLANG_WARN_DEPRECATED_OBJC_IMPLEMENTATIONS = YES;
				CLANG_WARN_DIRECT_OBJC_ISA_USAGE = YES_ERROR;
				CLANG_WARN_DOCUMENTATION_COMMENTS = YES;
				CLANG_WARN_EMPTY_BODY = YES;
				CLANG_WARN_ENUM_CONVERSION = YES;
				CLANG_WARN_INFINITE_RECURSION = YES;
				CLANG_WARN_INT_CONVERSION = YES;
				CLANG_WARN_NON_LITERAL_NULL_CONVERSION = YES;
				CLANG_WARN_OBJC_IMPLICIT_RETAIN_SELF = YES;
				CLANG_WARN_OBJC_LITERAL_CONVERSION = YES;
				CLANG_WARN_OBJC_ROOT_CLASS = YES_ERROR;
				CLANG_WARN_QUOTED_INCLUDE_IN_FRAMEWORK_HEADER = YES;
				CLANG_WARN_RANGE_LOOP_ANALYSIS = YES;
				CLANG_WARN_STRICT_PROTOTYPES = YES;
				CLANG_WARN_SUSPICIOUS_MOVE = YES;
				CLANG_WARN_UNGUARDED_AVAILABILITY = YES_AGGRESSIVE;
				CLANG_WARN_UNREACHABLE_CODE = YES;
				CLANG_WARN__DUPLICATE_METHOD_MATCH = YES;
				COPY_PHASE_STRIP = NO;
				DEBUG_INFORMATION_FORMAT = dwarf;
				ENABLE_STRICT_OBJC_MSGSEND = YES;
				ENABLE_TESTABILITY = YES;
				GCC_C_LANGUAGE_STANDARD = gnu11;
				GCC_DYNAMIC_NO_PIC = NO;
				GCC_NO_COMMON_BLOCKS = YES;
				GCC_OPTIMIZATION_LEVEL = 0;
				GCC_PREPROCESSOR_DEFINITIONS = (
					"DEBUG=1",
					"$(inherited)",
				);
				GCC_WARN_64_TO_32_BIT_CONVERSION = YES;
				GCC_WARN_ABOUT_RETURN_TYPE = YES_ERROR;
				GCC_WARN_UNDECLARED_SELECTOR = YES;
				GCC_WARN_UNINITIALIZED_AUTOS = YES_AGGRESSIVE;
				GCC_WARN_UNUSED_FUNCTION = YES;
				GCC_WARN_UNUSED_VARIABLE = YES;
				IPHONEOS_DEPLOYMENT_TARGET = 15.0;
				MTL_ENABLE_DEBUG_INFO = INCLUDE_SOURCE;
				MTL_FAST_MATH = YES;
				ONLY_ACTIVE_ARCH = YES;
				SDKROOT = iphoneos;
				SWIFT_ACTIVE_COMPILATION_CONDITIONS = DEBUG;
				SWIFT_OPTIMIZATION_LEVEL = "-Onone";
			};
			name = Debug;
		};
		521E7CFF27C1014800F748C8 /* Release */ = {
			isa = XCBuildConfiguration;
			buildSettings = {
				ALWAYS_SEARCH_USER_PATHS = NO;
				CLANG_ANALYZER_NONNULL = YES;
				CLANG_ANALYZER_NUMBER_OBJECT_CONVERSION = YES_AGGRESSIVE;
				CLANG_CXX_LANGUAGE_STANDARD = "gnu++17";
				CLANG_CXX_LIBRARY = "libc++";
				CLANG_ENABLE_MODULES = YES;
				CLANG_ENABLE_OBJC_ARC = YES;
				CLANG_ENABLE_OBJC_WEAK = YES;
				CLANG_WARN_BLOCK_CAPTURE_AUTORELEASING = YES;
				CLANG_WARN_BOOL_CONVERSION = YES;
				CLANG_WARN_COMMA = YES;
				CLANG_WARN_CONSTANT_CONVERSION = YES;
				CLANG_WARN_DEPRECATED_OBJC_IMPLEMENTATIONS = YES;
				CLANG_WARN_DIRECT_OBJC_ISA_USAGE = YES_ERROR;
				CLANG_WARN_DOCUMENTATION_COMMENTS = YES;
				CLANG_WARN_EMPTY_BODY = YES;
				CLANG_WARN_ENUM_CONVERSION = YES;
				CLANG_WARN_INFINITE_RECURSION = YES;
				CLANG_WARN_INT_CONVERSION = YES;
				CLANG_WARN_NON_LITERAL_NULL_CONVERSION = YES;
				CLANG_WARN_OBJC_IMPLICIT_RETAIN_SELF = YES;
				CLANG_WARN_OBJC_LITERAL_CONVERSION = YES;
				CLANG_WARN_OBJC_ROOT_CLASS = YES_ERROR;
				CLANG_WARN_QUOTED_INCLUDE_IN_FRAMEWORK_HEADER = YES;
				CLANG_WARN_RANGE_LOOP_ANALYSIS = YES;
				CLANG_WARN_STRICT_PROTOTYPES = YES;
				CLANG_WARN_SUSPICIOUS_MOVE = YES;
				CLANG_WARN_UNGUARDED_AVAILABILITY = YES_AGGRESSIVE;
				CLANG_WARN_UNREACHABLE_CODE = YES;
				CLANG_WARN__DUPLICATE_METHOD_MATCH = YES;
				COPY_PHASE_STRIP = NO;
				DEBUG_INFORMATION_FORMAT = "dwarf-with-dsym";
				ENABLE_NS_ASSERTIONS = NO;
				ENABLE_STRICT_OBJC_MSGSEND = YES;
				GCC_C_LANGUAGE_STANDARD = gnu11;
				GCC_NO_COMMON_BLOCKS = YES;
				GCC_WARN_64_TO_32_BIT_CONVERSION = YES;
				GCC_WARN_ABOUT_RETURN_TYPE = YES_ERROR;
				GCC_WARN_UNDECLARED_SELECTOR = YES;
				GCC_WARN_UNINITIALIZED_AUTOS = YES_AGGRESSIVE;
				GCC_WARN_UNUSED_FUNCTION = YES;
				GCC_WARN_UNUSED_VARIABLE = YES;
				IPHONEOS_DEPLOYMENT_TARGET = 15.0;
				MTL_ENABLE_DEBUG_INFO = NO;
				MTL_FAST_MATH = YES;
				SDKROOT = iphoneos;
				SWIFT_COMPILATION_MODE = wholemodule;
				SWIFT_OPTIMIZATION_LEVEL = "-O";
				VALIDATE_PRODUCT = YES;
			};
			name = Release;
		};
		521E7D0127C1014800F748C8 /* Debug */ = {
			isa = XCBuildConfiguration;
			buildSettings = {
				ASSETCATALOG_COMPILER_APPICON_NAME = AppIcon;
				ASSETCATALOG_COMPILER_GLOBAL_ACCENT_COLOR_NAME = AccentColor;
				CODE_SIGN_STYLE = Automatic;
				CURRENT_PROJECT_VERSION = 1;
				DEVELOPMENT_TEAM = GA3WT3785W;
				GENERATE_INFOPLIST_FILE = YES;
				INFOPLIST_FILE = ChatApp/Info.plist;
				INFOPLIST_KEY_UIApplicationSupportsIndirectInputEvents = YES;
				INFOPLIST_KEY_UILaunchStoryboardName = LaunchScreen;
				INFOPLIST_KEY_UIMainStoryboardFile = Main;
				INFOPLIST_KEY_UISupportedInterfaceOrientations_iPad = "UIInterfaceOrientationPortrait UIInterfaceOrientationPortraitUpsideDown UIInterfaceOrientationLandscapeLeft UIInterfaceOrientationLandscapeRight";
				INFOPLIST_KEY_UISupportedInterfaceOrientations_iPhone = "UIInterfaceOrientationPortrait UIInterfaceOrientationLandscapeLeft UIInterfaceOrientationLandscapeRight";
				LD_RUNPATH_SEARCH_PATHS = (
					"$(inherited)",
					"@executable_path/Frameworks",
				);
				MARKETING_VERSION = 1.0;
				PRODUCT_BUNDLE_IDENTIFIER = com.reddixo.ChatApp;
				PRODUCT_NAME = "$(TARGET_NAME)";
				SWIFT_EMIT_LOC_STRINGS = YES;
				SWIFT_VERSION = 5.0;
				TARGETED_DEVICE_FAMILY = "1,2";
			};
			name = Debug;
		};
		521E7D0227C1014800F748C8 /* Release */ = {
			isa = XCBuildConfiguration;
			buildSettings = {
				ASSETCATALOG_COMPILER_APPICON_NAME = AppIcon;
				ASSETCATALOG_COMPILER_GLOBAL_ACCENT_COLOR_NAME = AccentColor;
				CODE_SIGN_STYLE = Automatic;
				CURRENT_PROJECT_VERSION = 1;
				DEVELOPMENT_TEAM = GA3WT3785W;
				GENERATE_INFOPLIST_FILE = YES;
				INFOPLIST_FILE = ChatApp/Info.plist;
				INFOPLIST_KEY_UIApplicationSupportsIndirectInputEvents = YES;
				INFOPLIST_KEY_UILaunchStoryboardName = LaunchScreen;
				INFOPLIST_KEY_UIMainStoryboardFile = Main;
				INFOPLIST_KEY_UISupportedInterfaceOrientations_iPad = "UIInterfaceOrientationPortrait UIInterfaceOrientationPortraitUpsideDown UIInterfaceOrientationLandscapeLeft UIInterfaceOrientationLandscapeRight";
				INFOPLIST_KEY_UISupportedInterfaceOrientations_iPhone = "UIInterfaceOrientationPortrait UIInterfaceOrientationLandscapeLeft UIInterfaceOrientationLandscapeRight";
				LD_RUNPATH_SEARCH_PATHS = (
					"$(inherited)",
					"@executable_path/Frameworks",
				);
				MARKETING_VERSION = 1.0;
				PRODUCT_BUNDLE_IDENTIFIER = com.reddixo.ChatApp;
				PRODUCT_NAME = "$(TARGET_NAME)";
				SWIFT_EMIT_LOC_STRINGS = YES;
				SWIFT_VERSION = 5.0;
				TARGETED_DEVICE_FAMILY = "1,2";
			};
			name = Release;
		};
/* End XCBuildConfiguration section */

/* Begin XCConfigurationList section */
		521E7CE727C1014500F748C8 /* Build configuration list for PBXProject "ChatApp" */ = {
			isa = XCConfigurationList;
			buildConfigurations = (
				521E7CFE27C1014800F748C8 /* Debug */,
				521E7CFF27C1014800F748C8 /* Release */,
			);
			defaultConfigurationIsVisible = 0;
			defaultConfigurationName = Release;
		};
		521E7D0027C1014800F748C8 /* Build configuration list for PBXNativeTarget "ChatApp" */ = {
			isa = XCConfigurationList;
			buildConfigurations = (
				521E7D0127C1014800F748C8 /* Debug */,
				521E7D0227C1014800F748C8 /* Release */,
			);
			defaultConfigurationIsVisible = 0;
			defaultConfigurationName = Release;
		};
/* End XCConfigurationList section */
	};
	rootObject = 521E7CE427C1014500F748C8 /* Project object */;
}
